
Microsoft Visual Studio Solution File, Format Version 12.00
# Visual Studio Version 17
VisualStudioVersion = 17.4.33122.133
MinimumVisualStudioVersion = 10.0.40219.1
Project("{9A19103F-16F7-4668-BE54-9A1E7A4F7556}") = "BlazorEcommerce.Server", "BlazorEcommerce\Server\BlazorEcommerce.Server.csproj", "{77071266-9B06-4769-B752-B6694521C56F}"
EndProject
Project("{9A19103F-16F7-4668-BE54-9A1E7A4F7556}") = "BlazorEcommerce.Client", "BlazorEcommerce\Client\BlazorEcommerce.Client.csproj", "{D9F80447-2A20-4856-B239-5394B4105217}"
EndProject
Project("{9A19103F-16F7-4668-BE54-9A1E7A4F7556}") = "BlazorEcommerce.Shared", "BlazorEcommerce\Shared\BlazorEcommerce.Shared.csproj", "{9660EF32-7E44-4721-B99D-1259ACA46098}"
EndProject
Global
	GlobalSection(SolutionConfigurationPlatforms) = preSolution
		Debug|Any CPU = Debug|Any CPU
		Release|Any CPU = Release|Any CPU
	EndGlobalSection
	GlobalSection(ProjectConfigurationPlatforms) = postSolution
		{77071266-9B06-4769-B752-B6694521C56F}.Debug|Any CPU.ActiveCfg = Debug|Any CPU
		{77071266-9B06-4769-B752-B6694521C56F}.Debug|Any CPU.Build.0 = Debug|Any CPU
		{77071266-9B06-4769-B752-B6694521C56F}.Release|Any CPU.ActiveCfg = Release|Any CPU
		{77071266-9B06-4769-B752-B6694521C56F}.Release|Any CPU.Build.0 = Release|Any CPU
		{D9F80447-2A20-4856-B239-5394B4105217}.Debug|Any CPU.ActiveCfg = Debug|Any CPU
		{D9F80447-2A20-4856-B239-5394B4105217}.Debug|Any CPU.Build.0 = Debug|Any CPU
		{D9F80447-2A20-4856-B239-5394B4105217}.Release|Any CPU.ActiveCfg = Release|Any CPU
		{D9F80447-2A20-4856-B239-5394B4105217}.Release|Any CPU.Build.0 = Release|Any CPU
		{9660EF32-7E44-4721-B99D-1259ACA46098}.Debug|Any CPU.ActiveCfg = Debug|Any CPU
		{9660EF32-7E44-4721-B99D-1259ACA46098}.Debug|Any CPU.Build.0 = Debug|Any CPU
		{9660EF32-7E44-4721-B99D-1259ACA46098}.Release|Any CPU.ActiveCfg = Release|Any CPU
		{9660EF32-7E44-4721-B99D-1259ACA46098}.Release|Any CPU.Build.0 = Release|Any CPU
	EndGlobalSection
	GlobalSection(SolutionProperties) = preSolution
		HideSolutionNode = FALSE
	EndGlobalSection
	GlobalSection(ExtensibilityGlobals) = postSolution
		SolutionGuid = {0002456F-7001-4D66-B0E2-E899E211FA50}
	EndGlobalSection
EndGlobal
